// !$*UTF8*$!
{
	archiveVersion = 1;
	classes = {
	};
	objectVersion = 50;
	objects = {

/* Begin PBXBuildFile section */
		660611952289A4F000BD0CC3 /* Reader.cpp in Sources */ = {isa = PBXBuildFile; fileRef = 660611932289A4F000BD0CC3 /* Reader.cpp */; };
		6624DFD8228AE780005B8886 /* TauSelection.cu in Sources */ = {isa = PBXBuildFile; fileRef = 6624DFD6228AE780005B8886 /* TauSelection.cu */; };
		6629F855228020200082F6DB /* main.cpp in Sources */ = {isa = PBXBuildFile; fileRef = 6629F854228020200082F6DB /* main.cpp */; };
		6629F863228031120082F6DB /* Dataset.cpp in Sources */ = {isa = PBXBuildFile; fileRef = 6629F861228031120082F6DB /* Dataset.cpp */; };
		66C14500229D5BCB00DCDA95 /* wrapper.cu in Sources */ = {isa = PBXBuildFile; fileRef = 66C144FE229D5BCB00DCDA95 /* wrapper.cu */; };
/* End PBXBuildFile section */

/* Begin PBXCopyFilesBuildPhase section */
		6629F84F228020200082F6DB /* CopyFiles */ = {
			isa = PBXCopyFilesBuildPhase;
			buildActionMask = 2147483647;
			dstPath = /usr/share/man/man1/;
			dstSubfolderSpec = 0;
			files = (
			);
			runOnlyForDeploymentPostprocessing = 1;
		};
/* End PBXCopyFilesBuildPhase section */

/* Begin PBXFileReference section */
		660611932289A4F000BD0CC3 /* Reader.cpp */ = {isa = PBXFileReference; lastKnownFileType = sourcecode.cpp.cpp; path = Reader.cpp; sourceTree = "<group>"; };
		660611942289A4F000BD0CC3 /* Reader.hpp */ = {isa = PBXFileReference; lastKnownFileType = sourcecode.cpp.h; path = Reader.hpp; sourceTree = "<group>"; };
		6624DFD6228AE780005B8886 /* TauSelection.cu */ = {isa = PBXFileReference; lastKnownFileType = text; path = TauSelection.cu; sourceTree = "<group>"; xcLanguageSpecificationIdentifier = xcode.lang.cpp; };
		6624DFD7228AE780005B8886 /* TauSelection.cuh */ = {isa = PBXFileReference; lastKnownFileType = text; path = TauSelection.cuh; sourceTree = "<group>"; xcLanguageSpecificationIdentifier = xcode.lang.cpp; };
		6629F851228020200082F6DB /* HiggsAnalysis_new */ = {isa = PBXFileReference; explicitFileType = "compiled.mach-o.executable"; includeInIndex = 0; path = HiggsAnalysis_new; sourceTree = BUILT_PRODUCTS_DIR; };
		6629F854228020200082F6DB /* main.cpp */ = {isa = PBXFileReference; lastKnownFileType = sourcecode.cpp.cpp; path = main.cpp; sourceTree = "<group>"; };
		6629F861228031120082F6DB /* Dataset.cpp */ = {isa = PBXFileReference; lastKnownFileType = sourcecode.cpp.cpp; path = Dataset.cpp; sourceTree = "<group>"; };
		6629F862228031120082F6DB /* Dataset.hpp */ = {isa = PBXFileReference; lastKnownFileType = sourcecode.cpp.h; path = Dataset.hpp; sourceTree = "<group>"; };
		66C144FE229D5BCB00DCDA95 /* wrapper.cu */ = {isa = PBXFileReference; lastKnownFileType = text; path = wrapper.cu; sourceTree = "<group>"; };
/* End PBXFileReference section */

/* Begin PBXFrameworksBuildPhase section */
		6629F84E228020200082F6DB /* Frameworks */ = {
			isa = PBXFrameworksBuildPhase;
			buildActionMask = 2147483647;
			files = (
			);
			runOnlyForDeploymentPostprocessing = 0;
		};
/* End PBXFrameworksBuildPhase section */

/* Begin PBXGroup section */
		6624DFD5228AE75E005B8886 /* CudaSelections */ = {
			isa = PBXGroup;
			children = (
				66C144FE229D5BCB00DCDA95 /* wrapper.cu */,
				6624DFD6228AE780005B8886 /* TauSelection.cu */,
				6624DFD7228AE780005B8886 /* TauSelection.cuh */,
			);
			path = CudaSelections;
			sourceTree = "<group>";
		};
		6629F848228020200082F6DB = {
			isa = PBXGroup;
			children = (
				6629F853228020200082F6DB /* HiggsAnalysis_new */,
				6629F852228020200082F6DB /* Products */,
			);
			sourceTree = "<group>";
		};
		6629F852228020200082F6DB /* Products */ = {
			isa = PBXGroup;
			children = (
				6629F851228020200082F6DB /* HiggsAnalysis_new */,
			);
			name = Products;
			sourceTree = "<group>";
		};
		6629F853228020200082F6DB /* HiggsAnalysis_new */ = {
			isa = PBXGroup;
			children = (
				6629F854228020200082F6DB /* main.cpp */,
				660611932289A4F000BD0CC3 /* Reader.cpp */,
				660611942289A4F000BD0CC3 /* Reader.hpp */,
				6629F861228031120082F6DB /* Dataset.cpp */,
				6629F862228031120082F6DB /* Dataset.hpp */,
				6624DFD5228AE75E005B8886 /* CudaSelections */,
			);
			path = HiggsAnalysis_new;
			sourceTree = "<group>";
		};
/* End PBXGroup section */

/* Begin PBXNativeTarget section */
		6629F850228020200082F6DB /* HiggsAnalysis_new */ = {
			isa = PBXNativeTarget;
			buildConfigurationList = 6629F858228020200082F6DB /* Build configuration list for PBXNativeTarget "HiggsAnalysis_new" */;
			buildPhases = (
				6629F84D228020200082F6DB /* Sources */,
				6629F84E228020200082F6DB /* Frameworks */,
				6629F84F228020200082F6DB /* CopyFiles */,
			);
			buildRules = (
			);
			dependencies = (
			);
			name = HiggsAnalysis_new;
			productName = HiggsAnalysis_new;
			productReference = 6629F851228020200082F6DB /* HiggsAnalysis_new */;
			productType = "com.apple.product-type.tool";
		};
/* End PBXNativeTarget section */

/* Begin PBXProject section */
		6629F849228020200082F6DB /* Project object */ = {
			isa = PBXProject;
			attributes = {
				LastUpgradeCheck = 1020;
				ORGANIZATIONNAME = "Joona Havukainen";
				TargetAttributes = {
					6629F850228020200082F6DB = {
						CreatedOnToolsVersion = 10.2;
					};
				};
			};
			buildConfigurationList = 6629F84C228020200082F6DB /* Build configuration list for PBXProject "HiggsAnalysis_new" */;
			compatibilityVersion = "Xcode 9.3";
			developmentRegion = en;
			hasScannedForEncodings = 0;
			knownRegions = (
				en,
			);
			mainGroup = 6629F848228020200082F6DB;
			productRefGroup = 6629F852228020200082F6DB /* Products */;
			projectDirPath = "";
			projectRoot = "";
			targets = (
				6629F850228020200082F6DB /* HiggsAnalysis_new */,
			);
		};
/* End PBXProject section */

/* Begin PBXSourcesBuildPhase section */
		6629F84D228020200082F6DB /* Sources */ = {
			isa = PBXSourcesBuildPhase;
			buildActionMask = 2147483647;
			files = (
				6629F855228020200082F6DB /* main.cpp in Sources */,
				6624DFD8228AE780005B8886 /* TauSelection.cu in Sources */,
				6629F863228031120082F6DB /* Dataset.cpp in Sources */,
				660611952289A4F000BD0CC3 /* Reader.cpp in Sources */,
				66C14500229D5BCB00DCDA95 /* wrapper.cu in Sources */,
			);
			runOnlyForDeploymentPostprocessing = 0;
		};
/* End PBXSourcesBuildPhase section */

/* Begin XCBuildConfiguration section */
		6629F856228020200082F6DB /* Debug */ = {
			isa = XCBuildConfiguration;
			buildSettings = {
				ALWAYS_SEARCH_USER_PATHS = NO;
				CLANG_ANALYZER_NONNULL = YES;
				CLANG_ANALYZER_NUMBER_OBJECT_CONVERSION = YES_AGGRESSIVE;
				CLANG_CXX_LANGUAGE_STANDARD = "gnu++14";
				CLANG_CXX_LIBRARY = "libc++";
				CLANG_ENABLE_MODULES = YES;
				CLANG_ENABLE_OBJC_ARC = YES;
				CLANG_ENABLE_OBJC_WEAK = YES;
				CLANG_WARN_BLOCK_CAPTURE_AUTORELEASING = YES;
				CLANG_WARN_BOOL_CONVERSION = YES;
				CLANG_WARN_COMMA = YES;
				CLANG_WARN_CONSTANT_CONVERSION = YES;
				CLANG_WARN_DEPRECATED_OBJC_IMPLEMENTATIONS = YES;
				CLANG_WARN_DIRECT_OBJC_ISA_USAGE = YES_ERROR;
				CLANG_WARN_DOCUMENTATION_COMMENTS = YES;
				CLANG_WARN_EMPTY_BODY = YES;
				CLANG_WARN_ENUM_CONVERSION = YES;
				CLANG_WARN_INFINITE_RECURSION = YES;
				CLANG_WARN_INT_CONVERSION = YES;
				CLANG_WARN_NON_LITERAL_NULL_CONVERSION = YES;
				CLANG_WARN_OBJC_IMPLICIT_RETAIN_SELF = YES;
				CLANG_WARN_OBJC_LITERAL_CONVERSION = YES;
				CLANG_WARN_OBJC_ROOT_CLASS = YES_ERROR;
				CLANG_WARN_RANGE_LOOP_ANALYSIS = YES;
				CLANG_WARN_STRICT_PROTOTYPES = YES;
				CLANG_WARN_SUSPICIOUS_MOVE = YES;
				CLANG_WARN_UNGUARDED_AVAILABILITY = YES_AGGRESSIVE;
				CLANG_WARN_UNREACHABLE_CODE = YES;
				CLANG_WARN__DUPLICATE_METHOD_MATCH = YES;
				CODE_SIGN_IDENTITY = "-";
				COPY_PHASE_STRIP = NO;
				DEBUG_INFORMATION_FORMAT = dwarf;
				ENABLE_STRICT_OBJC_MSGSEND = YES;
				ENABLE_TESTABILITY = YES;
				GCC_C_LANGUAGE_STANDARD = gnu11;
				GCC_DYNAMIC_NO_PIC = NO;
				GCC_NO_COMMON_BLOCKS = YES;
				GCC_OPTIMIZATION_LEVEL = 0;
				GCC_PREPROCESSOR_DEFINITIONS = (
					"DEBUG=1",
					"$(inherited)",
				);
				GCC_WARN_64_TO_32_BIT_CONVERSION = YES;
				GCC_WARN_ABOUT_RETURN_TYPE = YES_ERROR;
				GCC_WARN_UNDECLARED_SELECTOR = YES;
				GCC_WARN_UNINITIALIZED_AUTOS = YES_AGGRESSIVE;
				GCC_WARN_UNUSED_FUNCTION = YES;
				GCC_WARN_UNUSED_VARIABLE = YES;
				"HEADER_SEARCH_PATHS[arch=*]" = /usr/local/Cellar/boost/1.69.0_2/include;
				MACOSX_DEPLOYMENT_TARGET = 10.14;
				MTL_ENABLE_DEBUG_INFO = INCLUDE_SOURCE;
				MTL_FAST_MATH = YES;
				ONLY_ACTIVE_ARCH = YES;
				"OTHER_LDFLAGS[arch=*]" = (
					"-lboost_filesystem",
					"-L/usr/local/Cellar/boost/1.69.0_2/lib/",
					"-lboost_date_time",
				);
				SDKROOT = macosx;
			};
			name = Debug;
		};
		6629F857228020200082F6DB /* Release */ = {
			isa = XCBuildConfiguration;
			buildSettings = {
				ALWAYS_SEARCH_USER_PATHS = NO;
				CLANG_ANALYZER_NONNULL = YES;
				CLANG_ANALYZER_NUMBER_OBJECT_CONVERSION = YES_AGGRESSIVE;
				CLANG_CXX_LANGUAGE_STANDARD = "gnu++14";
				CLANG_CXX_LIBRARY = "libc++";
				CLANG_ENABLE_MODULES = YES;
				CLANG_ENABLE_OBJC_ARC = YES;
				CLANG_ENABLE_OBJC_WEAK = YES;
				CLANG_WARN_BLOCK_CAPTURE_AUTORELEASING = YES;
				CLANG_WARN_BOOL_CONVERSION = YES;
				CLANG_WARN_COMMA = YES;
				CLANG_WARN_CONSTANT_CONVERSION = YES;
				CLANG_WARN_DEPRECATED_OBJC_IMPLEMENTATIONS = YES;
				CLANG_WARN_DIRECT_OBJC_ISA_USAGE = YES_ERROR;
				CLANG_WARN_DOCUMENTATION_COMMENTS = YES;
				CLANG_WARN_EMPTY_BODY = YES;
				CLANG_WARN_ENUM_CONVERSION = YES;
				CLANG_WARN_INFINITE_RECURSION = YES;
				CLANG_WARN_INT_CONVERSION = YES;
				CLANG_WARN_NON_LITERAL_NULL_CONVERSION = YES;
				CLANG_WARN_OBJC_IMPLICIT_RETAIN_SELF = YES;
				CLANG_WARN_OBJC_LITERAL_CONVERSION = YES;
				CLANG_WARN_OBJC_ROOT_CLASS = YES_ERROR;
				CLANG_WARN_RANGE_LOOP_ANALYSIS = YES;
				CLANG_WARN_STRICT_PROTOTYPES = YES;
				CLANG_WARN_SUSPICIOUS_MOVE = YES;
				CLANG_WARN_UNGUARDED_AVAILABILITY = YES_AGGRESSIVE;
				CLANG_WARN_UNREACHABLE_CODE = YES;
				CLANG_WARN__DUPLICATE_METHOD_MATCH = YES;
				CODE_SIGN_IDENTITY = "-";
				COPY_PHASE_STRIP = NO;
				DEBUG_INFORMATION_FORMAT = "dwarf-with-dsym";
				ENABLE_NS_ASSERTIONS = NO;
				ENABLE_STRICT_OBJC_MSGSEND = YES;
				GCC_C_LANGUAGE_STANDARD = gnu11;
				GCC_NO_COMMON_BLOCKS = YES;
				GCC_WARN_64_TO_32_BIT_CONVERSION = YES;
				GCC_WARN_ABOUT_RETURN_TYPE = YES_ERROR;
				GCC_WARN_UNDECLARED_SELECTOR = YES;
				GCC_WARN_UNINITIALIZED_AUTOS = YES_AGGRESSIVE;
				GCC_WARN_UNUSED_FUNCTION = YES;
				GCC_WARN_UNUSED_VARIABLE = YES;
				"HEADER_SEARCH_PATHS[arch=*]" = /usr/local/Cellar/boost/1.69.0_2/include;
				MACOSX_DEPLOYMENT_TARGET = 10.14;
				MTL_ENABLE_DEBUG_INFO = NO;
				MTL_FAST_MATH = YES;
				"OTHER_LDFLAGS[arch=*]" = (
					"-lboost_filesystem",
					"-L/usr/local/Cellar/boost/1.69.0_2/lib/",
				);
				SDKROOT = macosx;
			};
			name = Release;
		};
		6629F859228020200082F6DB /* Debug */ = {
			isa = XCBuildConfiguration;
			buildSettings = {
				ALWAYS_SEARCH_USER_PATHS = YES;
				CODE_SIGN_STYLE = Automatic;
				"HEADER_SEARCH_PATHS[arch=*]" = (
					/usr/local/Cellar/boost/1.69.0_2/include,
					"$(ROOTSYS)/include/root",
				);
				"OTHER_LDFLAGS[arch=*]" = (
					"-lboost_filesystem",
					"-L/usr/local/Cellar/boost/1.69.0_2/lib/",
					"-lboost_date_time",
					"-L/usr/local/Cellar/root/6.16.00_2/lib/root",
					"-lCore",
					"-lImt",
					"-lRIO",
					"-lNet",
					"-lHist",
					"-lGraf",
					"-lGraf3d",
					"-lGpad",
					"-lROOTVecOps",
					"-lTree",
					"-lTreePlayer",
					"-lRint",
					"-lPostscript",
					"-lMatrix",
					"-lPhysics",
					"-lMathCore",
					"-lThread",
					"-lMultiProc",
					"-lROOTDataFrame",
					"-lpthread",
					"-stdlib=libc++",
					"-lm",
					"-ldl",
				);
				PRODUCT_NAME = "$(TARGET_NAME)";
				ROOTSYS = /usr/local/Cellar/root/6.16.00_2/;
			};
			name = Debug;
		};
		6629F85A228020200082F6DB /* Release */ = {
			isa = XCBuildConfiguration;
			buildSettings = {
				ALWAYS_SEARCH_USER_PATHS = YES;
				CODE_SIGN_STYLE = Automatic;
				PRODUCT_NAME = "$(TARGET_NAME)";
				ROOTSYS = /usr/local/Cellar/root/6.16.00_2/;
			};
			name = Release;
		};
/* End XCBuildConfiguration section */

/* Begin XCConfigurationList section */
		6629F84C228020200082F6DB /* Build configuration list for PBXProject "HiggsAnalysis_new" */ = {
			isa = XCConfigurationList;
			buildConfigurations = (
				6629F856228020200082F6DB /* Debug */,
				6629F857228020200082F6DB /* Release */,
			);
			defaultConfigurationIsVisible = 0;
			defaultConfigurationName = Release;
		};
		6629F858228020200082F6DB /* Build configuration list for PBXNativeTarget "HiggsAnalysis_new" */ = {
			isa = XCConfigurationList;
			buildConfigurations = (
				6629F859228020200082F6DB /* Debug */,
				6629F85A228020200082F6DB /* Release */,
			);
			defaultConfigurationIsVisible = 0;
			defaultConfigurationName = Release;
		};
/* End XCConfigurationList section */
	};
	rootObject = 6629F849228020200082F6DB /* Project object */;
}
